
Microsoft Visual Studio Solution File, Format Version 12.00
# Visual Studio Version 17
VisualStudioVersion = 17.7.34031.279
MinimumVisualStudioVersion = 10.0.40219.1
Project("{FAE04EC0-301F-11D3-BF4B-00C04F79EFBC}") = "modull", "modull\modull.csproj", "{64FC3B50-88C2-4D6D-A082-2EC0FEE8E922}"
EndProject
Global
	GlobalSection(SolutionConfigurationPlatforms) = preSolution
		Debug|Any CPU = Debug|Any CPU
		Release|Any CPU = Release|Any CPU
	EndGlobalSection
	GlobalSection(ProjectConfigurationPlatforms) = postSolution
		{64FC3B50-88C2-4D6D-A082-2EC0FEE8E922}.Debug|Any CPU.ActiveCfg = Debug|Any CPU
		{64FC3B50-88C2-4D6D-A082-2EC0FEE8E922}.Debug|Any CPU.Build.0 = Debug|Any CPU
		{64FC3B50-88C2-4D6D-A082-2EC0FEE8E922}.Release|Any CPU.ActiveCfg = Release|Any CPU
		{64FC3B50-88C2-4D6D-A082-2EC0FEE8E922}.Release|Any CPU.Build.0 = Release|Any CPU
	EndGlobalSection
	GlobalSection(SolutionProperties) = preSolution
		HideSolutionNode = FALSE
	EndGlobalSection
	GlobalSection(ExtensibilityGlobals) = postSolution
		SolutionGuid = {B8FB4BEC-5E21-4F0A-AE2D-6CF5AAB4D860}
	EndGlobalSection
EndGlobal
